#include <stdio.h>

using namespace std;

int main()
{
    int n, i;
    scanf("%d", &n);

    for (i = 1; i <= n; i++) {
        if (n % i == 0) {
            printf("%d\n", i);
        }
    }

    return 0;
}
//
#include <iostream>
#include <math.h>
#include <algorithm>

using namespace std;

int y[1000000], cnt=0;

void yaksu(int n)
{
    int r = sqrt(n);
    for (int i = 1; i <= r; i++) {
        if (n % i == 0) {
            y[cnt++] = i;
            y[cnt++] = n/i;
        }
    }

    if(r*r == n) cnt--;
    sort(y,y+cnt);
}



int main()
{
    int n, i;
    cin >> n;

    yaksu(n);

    for (int i = 0; i < cnt; i++) cout << y[i] << ' ';
    return 0;
}

